// !$*UTF8*$!
{
	archiveVersion = 1;
	classes = {
	};
	objectVersion = 50;
	objects = {

/* Begin PBXBuildFile section */
		92C9742E20C13C0900200FCD /* AppDelegate.swift in Sources */ = {isa = PBXBuildFile; fileRef = 92C9742D20C13C0900200FCD /* AppDelegate.swift */; };
		92C9743020C13C0900200FCD /* ViewController.swift in Sources */ = {isa = PBXBuildFile; fileRef = 92C9742F20C13C0900200FCD /* ViewController.swift */; };
		92C9743320C13C0900200FCD /* Main.storyboard in Resources */ = {isa = PBXBuildFile; fileRef = 92C9743120C13C0900200FCD /* Main.storyboard */; };
		92C9743520C13C0A00200FCD /* Assets.xcassets in Resources */ = {isa = PBXBuildFile; fileRef = 92C9743420C13C0A00200FCD /* Assets.xcassets */; };
		92C9743820C13C0A00200FCD /* LaunchScreen.storyboard in Resources */ = {isa = PBXBuildFile; fileRef = 92C9743620C13C0A00200FCD /* LaunchScreen.storyboard */; };
		92C9744320C13C0A00200FCD /* RatesScheduleClientTests.swift in Sources */ = {isa = PBXBuildFile; fileRef = 92C9744220C13C0A00200FCD /* RatesScheduleClientTests.swift */; };
		92C9744E20C13C0A00200FCD /* RatesScheduleClientUITests.swift in Sources */ = {isa = PBXBuildFile; fileRef = 92C9744D20C13C0A00200FCD /* RatesScheduleClientUITests.swift */; };
/* End PBXBuildFile section */

/* Begin PBXContainerItemProxy section */
		92C9743F20C13C0A00200FCD /* PBXContainerItemProxy */ = {
			isa = PBXContainerItemProxy;
			containerPortal = 92C9742220C13C0900200FCD /* Project object */;
			proxyType = 1;
			remoteGlobalIDString = 92C9742920C13C0900200FCD;
			remoteInfo = RatesScheduleClient;
		};
		92C9744A20C13C0A00200FCD /* PBXContainerItemProxy */ = {
			isa = PBXContainerItemProxy;
			containerPortal = 92C9742220C13C0900200FCD /* Project object */;
			proxyType = 1;
			remoteGlobalIDString = 92C9742920C13C0900200FCD;
			remoteInfo = RatesScheduleClient;
		};
/* End PBXContainerItemProxy section */

/* Begin PBXFileReference section */
		92C9742A20C13C0900200FCD /* RatesScheduleClient.app */ = {isa = PBXFileReference; explicitFileType = wrapper.application; includeInIndex = 0; path = RatesScheduleClient.app; sourceTree = BUILT_PRODUCTS_DIR; };
		92C9742D20C13C0900200FCD /* AppDelegate.swift */ = {isa = PBXFileReference; lastKnownFileType = sourcecode.swift; path = AppDelegate.swift; sourceTree = "<group>"; };
		92C9742F20C13C0900200FCD /* ViewController.swift */ = {isa = PBXFileReference; lastKnownFileType = sourcecode.swift; path = ViewController.swift; sourceTree = "<group>"; };
		92C9743220C13C0900200FCD /* Base */ = {isa = PBXFileReference; lastKnownFileType = file.storyboard; name = Base; path = Base.lproj/Main.storyboard; sourceTree = "<group>"; };
		92C9743420C13C0A00200FCD /* Assets.xcassets */ = {isa = PBXFileReference; lastKnownFileType = folder.assetcatalog; path = Assets.xcassets; sourceTree = "<group>"; };
		92C9743720C13C0A00200FCD /* Base */ = {isa = PBXFileReference; lastKnownFileType = file.storyboard; name = Base; path = Base.lproj/LaunchScreen.storyboard; sourceTree = "<group>"; };
		92C9743920C13C0A00200FCD /* Info.plist */ = {isa = PBXFileReference; lastKnownFileType = text.plist.xml; path = Info.plist; sourceTree = "<group>"; };
		92C9743E20C13C0A00200FCD /* RatesScheduleClientTests.xctest */ = {isa = PBXFileReference; explicitFileType = wrapper.cfbundle; includeInIndex = 0; path = RatesScheduleClientTests.xctest; sourceTree = BUILT_PRODUCTS_DIR; };
		92C9744220C13C0A00200FCD /* RatesScheduleClientTests.swift */ = {isa = PBXFileReference; lastKnownFileType = sourcecode.swift; path = RatesScheduleClientTests.swift; sourceTree = "<group>"; };
		92C9744420C13C0A00200FCD /* Info.plist */ = {isa = PBXFileReference; lastKnownFileType = text.plist.xml; path = Info.plist; sourceTree = "<group>"; };
		92C9744920C13C0A00200FCD /* RatesScheduleClientUITests.xctest */ = {isa = PBXFileReference; explicitFileType = wrapper.cfbundle; includeInIndex = 0; path = RatesScheduleClientUITests.xctest; sourceTree = BUILT_PRODUCTS_DIR; };
		92C9744D20C13C0A00200FCD /* RatesScheduleClientUITests.swift */ = {isa = PBXFileReference; lastKnownFileType = sourcecode.swift; path = RatesScheduleClientUITests.swift; sourceTree = "<group>"; };
		92C9744F20C13C0A00200FCD /* Info.plist */ = {isa = PBXFileReference; lastKnownFileType = text.plist.xml; path = Info.plist; sourceTree = "<group>"; };
/* End PBXFileReference section */

/* Begin PBXFrameworksBuildPhase section */
		92C9742720C13C0900200FCD /* Frameworks */ = {
			isa = PBXFrameworksBuildPhase;
			buildActionMask = 2147483647;
			files = (
			);
			runOnlyForDeploymentPostprocessing = 0;
		};
		92C9743B20C13C0A00200FCD /* Frameworks */ = {
			isa = PBXFrameworksBuildPhase;
			buildActionMask = 2147483647;
			files = (
			);
			runOnlyForDeploymentPostprocessing = 0;
		};
		92C9744620C13C0A00200FCD /* Frameworks */ = {
			isa = PBXFrameworksBuildPhase;
			buildActionMask = 2147483647;
			files = (
			);
			runOnlyForDeploymentPostprocessing = 0;
		};
/* End PBXFrameworksBuildPhase section */

/* Begin PBXGroup section */
		92C9742120C13C0900200FCD = {
			isa = PBXGroup;
			children = (
				92C9742C20C13C0900200FCD /* RatesScheduleClient */,
				92C9744120C13C0A00200FCD /* RatesScheduleClientTests */,
				92C9744C20C13C0A00200FCD /* RatesScheduleClientUITests */,
				92C9742B20C13C0900200FCD /* Products */,
			);
			sourceTree = "<group>";
		};
		92C9742B20C13C0900200FCD /* Products */ = {
			isa = PBXGroup;
			children = (
				92C9742A20C13C0900200FCD /* RatesScheduleClient.app */,
				92C9743E20C13C0A00200FCD /* RatesScheduleClientTests.xctest */,
				92C9744920C13C0A00200FCD /* RatesScheduleClientUITests.xctest */,
			);
			name = Products;
			sourceTree = "<group>";
		};
		92C9742C20C13C0900200FCD /* RatesScheduleClient */ = {
			isa = PBXGroup;
			children = (
				92C9742D20C13C0900200FCD /* AppDelegate.swift */,
				92C9742F20C13C0900200FCD /* ViewController.swift */,
				92C9743120C13C0900200FCD /* Main.storyboard */,
				92C9743420C13C0A00200FCD /* Assets.xcassets */,
				92C9743620C13C0A00200FCD /* LaunchScreen.storyboard */,
				92C9743920C13C0A00200FCD /* Info.plist */,
			);
			path = RatesScheduleClient;
			sourceTree = "<group>";
		};
		92C9744120C13C0A00200FCD /* RatesScheduleClientTests */ = {
			isa = PBXGroup;
			children = (
				92C9744220C13C0A00200FCD /* RatesScheduleClientTests.swift */,
				92C9744420C13C0A00200FCD /* Info.plist */,
			);
			path = RatesScheduleClientTests;
			sourceTree = "<group>";
		};
		92C9744C20C13C0A00200FCD /* RatesScheduleClientUITests */ = {
			isa = PBXGroup;
			children = (
				92C9744D20C13C0A00200FCD /* RatesScheduleClientUITests.swift */,
				92C9744F20C13C0A00200FCD /* Info.plist */,
			);
			path = RatesScheduleClientUITests;
			sourceTree = "<group>";
		};
/* End PBXGroup section */

/* Begin PBXNativeTarget section */
		92C9742920C13C0900200FCD /* RatesScheduleClient */ = {
			isa = PBXNativeTarget;
			buildConfigurationList = 92C9745220C13C0A00200FCD /* Build configuration list for PBXNativeTarget "RatesScheduleClient" */;
			buildPhases = (
				92C9742620C13C0900200FCD /* Sources */,
				92C9742720C13C0900200FCD /* Frameworks */,
				92C9742820C13C0900200FCD /* Resources */,
			);
			buildRules = (
			);
			dependencies = (
			);
			name = RatesScheduleClient;
			productName = RatesScheduleClient;
			productReference = 92C9742A20C13C0900200FCD /* RatesScheduleClient.app */;
			productType = "com.apple.product-type.application";
		};
		92C9743D20C13C0A00200FCD /* RatesScheduleClientTests */ = {
			isa = PBXNativeTarget;
			buildConfigurationList = 92C9745520C13C0A00200FCD /* Build configuration list for PBXNativeTarget "RatesScheduleClientTests" */;
			buildPhases = (
				92C9743A20C13C0A00200FCD /* Sources */,
				92C9743B20C13C0A00200FCD /* Frameworks */,
				92C9743C20C13C0A00200FCD /* Resources */,
			);
			buildRules = (
			);
			dependencies = (
				92C9744020C13C0A00200FCD /* PBXTargetDependency */,
			);
			name = RatesScheduleClientTests;
			productName = RatesScheduleClientTests;
			productReference = 92C9743E20C13C0A00200FCD /* RatesScheduleClientTests.xctest */;
			productType = "com.apple.product-type.bundle.unit-test";
		};
		92C9744820C13C0A00200FCD /* RatesScheduleClientUITests */ = {
			isa = PBXNativeTarget;
			buildConfigurationList = 92C9745820C13C0A00200FCD /* Build configuration list for PBXNativeTarget "RatesScheduleClientUITests" */;
			buildPhases = (
				92C9744520C13C0A00200FCD /* Sources */,
				92C9744620C13C0A00200FCD /* Frameworks */,
				92C9744720C13C0A00200FCD /* Resources */,
			);
			buildRules = (
			);
			dependencies = (
				92C9744B20C13C0A00200FCD /* PBXTargetDependency */,
			);
			name = RatesScheduleClientUITests;
			productName = RatesScheduleClientUITests;
			productReference = 92C9744920C13C0A00200FCD /* RatesScheduleClientUITests.xctest */;
			productType = "com.apple.product-type.bundle.ui-testing";
		};
/* End PBXNativeTarget section */

/* Begin PBXProject section */
		92C9742220C13C0900200FCD /* Project object */ = {
			isa = PBXProject;
			attributes = {
				LastSwiftUpdateCheck = 0930;
				LastUpgradeCheck = 0930;
				ORGANIZATIONNAME = awu;
				TargetAttributes = {
					92C9742920C13C0900200FCD = {
						CreatedOnToolsVersion = 9.3;
					};
					92C9743D20C13C0A00200FCD = {
						CreatedOnToolsVersion = 9.3;
						TestTargetID = 92C9742920C13C0900200FCD;
					};
					92C9744820C13C0A00200FCD = {
						CreatedOnToolsVersion = 9.3;
						TestTargetID = 92C9742920C13C0900200FCD;
					};
				};
			};
			buildConfigurationList = 92C9742520C13C0900200FCD /* Build configuration list for PBXProject "RatesScheduleClient" */;
			compatibilityVersion = "Xcode 9.3";
			developmentRegion = en;
			hasScannedForEncodings = 0;
			knownRegions = (
				en,
				Base,
			);
			mainGroup = 92C9742120C13C0900200FCD;
			productRefGroup = 92C9742B20C13C0900200FCD /* Products */;
			projectDirPath = "";
			projectRoot = "";
			targets = (
				92C9742920C13C0900200FCD /* RatesScheduleClient */,
				92C9743D20C13C0A00200FCD /* RatesScheduleClientTests */,
				92C9744820C13C0A00200FCD /* RatesScheduleClientUITests */,
			);
		};
/* End PBXProject section */

/* Begin PBXResourcesBuildPhase section */
		92C9742820C13C0900200FCD /* Resources */ = {
			isa = PBXResourcesBuildPhase;
			buildActionMask = 2147483647;
			files = (
				92C9743820C13C0A00200FCD /* LaunchScreen.storyboard in Resources */,
				92C9743520C13C0A00200FCD /* Assets.xcassets in Resources */,
				92C9743320C13C0900200FCD /* Main.storyboard in Resources */,
			);
			runOnlyForDeploymentPostprocessing = 0;
		};
		92C9743C20C13C0A00200FCD /* Resources */ = {
			isa = PBXResourcesBuildPhase;
			buildActionMask = 2147483647;
			files = (
			);
			runOnlyForDeploymentPostprocessing = 0;
		};
		92C9744720C13C0A00200FCD /* Resources */ = {
			isa = PBXResourcesBuildPhase;
			buildActionMask = 2147483647;
			files = (
			);
			runOnlyForDeploymentPostprocessing = 0;
		};
/* End PBXResourcesBuildPhase section */

/* Begin PBXSourcesBuildPhase section */
		92C9742620C13C0900200FCD /* Sources */ = {
			isa = PBXSourcesBuildPhase;
			buildActionMask = 2147483647;
			files = (
				92C9743020C13C0900200FCD /* ViewController.swift in Sources */,
				92C9742E20C13C0900200FCD /* AppDelegate.swift in Sources */,
			);
			runOnlyForDeploymentPostprocessing = 0;
		};
		92C9743A20C13C0A00200FCD /* Sources */ = {
			isa = PBXSourcesBuildPhase;
			buildActionMask = 2147483647;
			files = (
				92C9744320C13C0A00200FCD /* RatesScheduleClientTests.swift in Sources */,
			);
			runOnlyForDeploymentPostprocessing = 0;
		};
		92C9744520C13C0A00200FCD /* Sources */ = {
			isa = PBXSourcesBuildPhase;
			buildActionMask = 2147483647;
			files = (
				92C9744E20C13C0A00200FCD /* RatesScheduleClientUITests.swift in Sources */,
			);
			runOnlyForDeploymentPostprocessing = 0;
		};
/* End PBXSourcesBuildPhase section */

/* Begin PBXTargetDependency section */
		92C9744020C13C0A00200FCD /* PBXTargetDependency */ = {
			isa = PBXTargetDependency;
			target = 92C9742920C13C0900200FCD /* RatesScheduleClient */;
			targetProxy = 92C9743F20C13C0A00200FCD /* PBXContainerItemProxy */;
		};
		92C9744B20C13C0A00200FCD /* PBXTargetDependency */ = {
			isa = PBXTargetDependency;
			target = 92C9742920C13C0900200FCD /* RatesScheduleClient */;
			targetProxy = 92C9744A20C13C0A00200FCD /* PBXContainerItemProxy */;
		};
/* End PBXTargetDependency section */

/* Begin PBXVariantGroup section */
		92C9743120C13C0900200FCD /* Main.storyboard */ = {
			isa = PBXVariantGroup;
			children = (
				92C9743220C13C0900200FCD /* Base */,
			);
			name = Main.storyboard;
			sourceTree = "<group>";
		};
		92C9743620C13C0A00200FCD /* LaunchScreen.storyboard */ = {
			isa = PBXVariantGroup;
			children = (
				92C9743720C13C0A00200FCD /* Base */,
			);
			name = LaunchScreen.storyboard;
			sourceTree = "<group>";
		};
/* End PBXVariantGroup section */

/* Begin XCBuildConfiguration section */
		92C9745020C13C0A00200FCD /* Debug */ = {
			isa = XCBuildConfiguration;
			buildSettings = {
				ALWAYS_SEARCH_USER_PATHS = NO;
				CLANG_ANALYZER_NONNULL = YES;
				CLANG_ANALYZER_NUMBER_OBJECT_CONVERSION = YES_AGGRESSIVE;
				CLANG_CXX_LANGUAGE_STANDARD = "gnu++14";
				CLANG_CXX_LIBRARY = "libc++";
				CLANG_ENABLE_MODULES = YES;
				CLANG_ENABLE_OBJC_ARC = YES;
				CLANG_ENABLE_OBJC_WEAK = YES;
				CLANG_WARN_BLOCK_CAPTURE_AUTORELEASING = YES;
				CLANG_WARN_BOOL_CONVERSION = YES;
				CLANG_WARN_COMMA = YES;
				CLANG_WARN_CONSTANT_CONVERSION = YES;
				CLANG_WARN_DEPRECATED_OBJC_IMPLEMENTATIONS = YES;
				CLANG_WARN_DIRECT_OBJC_ISA_USAGE = YES_ERROR;
				CLANG_WARN_DOCUMENTATION_COMMENTS = YES;
				CLANG_WARN_EMPTY_BODY = YES;
				CLANG_WARN_ENUM_CONVERSION = YES;
				CLANG_WARN_INFINITE_RECURSION = YES;
				CLANG_WARN_INT_CONVERSION = YES;
				CLANG_WARN_NON_LITERAL_NULL_CONVERSION = YES;
				CLANG_WARN_OBJC_IMPLICIT_RETAIN_SELF = YES;
				CLANG_WARN_OBJC_LITERAL_CONVERSION = YES;
				CLANG_WARN_OBJC_ROOT_CLASS = YES_ERROR;
				CLANG_WARN_RANGE_LOOP_ANALYSIS = YES;
				CLANG_WARN_STRICT_PROTOTYPES = YES;
				CLANG_WARN_SUSPICIOUS_MOVE = YES;
				CLANG_WARN_UNGUARDED_AVAILABILITY = YES_AGGRESSIVE;
				CLANG_WARN_UNREACHABLE_CODE = YES;
				CLANG_WARN__DUPLICATE_METHOD_MATCH = YES;
				CODE_SIGN_IDENTITY = "iPhone Developer";
				COPY_PHASE_STRIP = NO;
				DEBUG_INFORMATION_FORMAT = dwarf;
				ENABLE_STRICT_OBJC_MSGSEND = YES;
				ENABLE_TESTABILITY = YES;
				GCC_C_LANGUAGE_STANDARD = gnu11;
				GCC_DYNAMIC_NO_PIC = NO;
				GCC_NO_COMMON_BLOCKS = YES;
				GCC_OPTIMIZATION_LEVEL = 0;
				GCC_PREPROCESSOR_DEFINITIONS = (
					"DEBUG=1",
					"$(inherited)",
				);
				GCC_WARN_64_TO_32_BIT_CONVERSION = YES;
				GCC_WARN_ABOUT_RETURN_TYPE = YES_ERROR;
				GCC_WARN_UNDECLARED_SELECTOR = YES;
				GCC_WARN_UNINITIALIZED_AUTOS = YES_AGGRESSIVE;
				GCC_WARN_UNUSED_FUNCTION = YES;
				GCC_WARN_UNUSED_VARIABLE = YES;
				IPHONEOS_DEPLOYMENT_TARGET = 11.3;
				MTL_ENABLE_DEBUG_INFO = YES;
				ONLY_ACTIVE_ARCH = YES;
				SDKROOT = iphoneos;
				SWIFT_ACTIVE_COMPILATION_CONDITIONS = DEBUG;
				SWIFT_OPTIMIZATION_LEVEL = "-Onone";
			};
			name = Debug;
		};
		92C9745120C13C0A00200FCD /* Release */ = {
			isa = XCBuildConfiguration;
			buildSettings = {
				ALWAYS_SEARCH_USER_PATHS = NO;
				CLANG_ANALYZER_NONNULL = YES;
				CLANG_ANALYZER_NUMBER_OBJECT_CONVERSION = YES_AGGRESSIVE;
				CLANG_CXX_LANGUAGE_STANDARD = "gnu++14";
				CLANG_CXX_LIBRARY = "libc++";
				CLANG_ENABLE_MODULES = YES;
				CLANG_ENABLE_OBJC_ARC = YES;
				CLANG_ENABLE_OBJC_WEAK = YES;
				CLANG_WARN_BLOCK_CAPTURE_AUTORELEASING = YES;
				CLANG_WARN_BOOL_CONVERSION = YES;
				CLANG_WARN_COMMA = YES;
				CLANG_WARN_CONSTANT_CONVERSION = YES;
				CLANG_WARN_DEPRECATED_OBJC_IMPLEMENTATIONS = YES;
				CLANG_WARN_DIRECT_OBJC_ISA_USAGE = YES_ERROR;
				CLANG_WARN_DOCUMENTATION_COMMENTS = YES;
				CLANG_WARN_EMPTY_BODY = YES;
				CLANG_WARN_ENUM_CONVERSION = YES;
				CLANG_WARN_INFINITE_RECURSION = YES;
				CLANG_WARN_INT_CONVERSION = YES;
				CLANG_WARN_NON_LITERAL_NULL_CONVERSION = YES;
				CLANG_WARN_OBJC_IMPLICIT_RETAIN_SELF = YES;
				CLANG_WARN_OBJC_LITERAL_CONVERSION = YES;
				CLANG_WARN_OBJC_ROOT_CLASS = YES_ERROR;
				CLANG_WARN_RANGE_LOOP_ANALYSIS = YES;
				CLANG_WARN_STRICT_PROTOTYPES = YES;
				CLANG_WARN_SUSPICIOUS_MOVE = YES;
				CLANG_WARN_UNGUARDED_AVAILABILITY = YES_AGGRESSIVE;
				CLANG_WARN_UNREACHABLE_CODE = YES;
				CLANG_WARN__DUPLICATE_METHOD_MATCH = YES;
				CODE_SIGN_IDENTITY = "iPhone Developer";
				COPY_PHASE_STRIP = NO;
				DEBUG_INFORMATION_FORMAT = "dwarf-with-dsym";
				ENABLE_NS_ASSERTIONS = NO;
				ENABLE_STRICT_OBJC_MSGSEND = YES;
				GCC_C_LANGUAGE_STANDARD = gnu11;
				GCC_NO_COMMON_BLOCKS = YES;
				GCC_WARN_64_TO_32_BIT_CONVERSION = YES;
				GCC_WARN_ABOUT_RETURN_TYPE = YES_ERROR;
				GCC_WARN_UNDECLARED_SELECTOR = YES;
				GCC_WARN_UNINITIALIZED_AUTOS = YES_AGGRESSIVE;
				GCC_WARN_UNUSED_FUNCTION = YES;
				GCC_WARN_UNUSED_VARIABLE = YES;
				IPHONEOS_DEPLOYMENT_TARGET = 11.3;
				MTL_ENABLE_DEBUG_INFO = NO;
				SDKROOT = iphoneos;
				SWIFT_COMPILATION_MODE = wholemodule;
				SWIFT_OPTIMIZATION_LEVEL = "-O";
				VALIDATE_PRODUCT = YES;
			};
			name = Release;
		};
		92C9745320C13C0A00200FCD /* Debug */ = {
			isa = XCBuildConfiguration;
			buildSettings = {
				ASSETCATALOG_COMPILER_APPICON_NAME = AppIcon;
				CODE_SIGN_STYLE = Automatic;
				INFOPLIST_FILE = RatesScheduleClient/Info.plist;
				LD_RUNPATH_SEARCH_PATHS = (
					"$(inherited)",
					"@executable_path/Frameworks",
				);
				PRODUCT_BUNDLE_IDENTIFIER = com.wufire.RatesScheduleClient;
				PRODUCT_NAME = "$(TARGET_NAME)";
				SWIFT_VERSION = 4.0;
				TARGETED_DEVICE_FAMILY = "1,2";
			};
			name = Debug;
		};
		92C9745420C13C0A00200FCD /* Release */ = {
			isa = XCBuildConfiguration;
			buildSettings = {
				ASSETCATALOG_COMPILER_APPICON_NAME = AppIcon;
				CODE_SIGN_STYLE = Automatic;
				INFOPLIST_FILE = RatesScheduleClient/Info.plist;
				LD_RUNPATH_SEARCH_PATHS = (
					"$(inherited)",
					"@executable_path/Frameworks",
				);
				PRODUCT_BUNDLE_IDENTIFIER = com.wufire.RatesScheduleClient;
				PRODUCT_NAME = "$(TARGET_NAME)";
				SWIFT_VERSION = 4.0;
				TARGETED_DEVICE_FAMILY = "1,2";
			};
			name = Release;
		};
		92C9745620C13C0A00200FCD /* Debug */ = {
			isa = XCBuildConfiguration;
			buildSettings = {
				ALWAYS_EMBED_SWIFT_STANDARD_LIBRARIES = YES;
				BUNDLE_LOADER = "$(TEST_HOST)";
				CODE_SIGN_STYLE = Automatic;
				INFOPLIST_FILE = RatesScheduleClientTests/Info.plist;
				LD_RUNPATH_SEARCH_PATHS = (
					"$(inherited)",
					"@executable_path/Frameworks",
					"@loader_path/Frameworks",
				);
				PRODUCT_BUNDLE_IDENTIFIER = com.wufire.RatesScheduleClientTests;
				PRODUCT_NAME = "$(TARGET_NAME)";
				SWIFT_VERSION = 4.0;
				TARGETED_DEVICE_FAMILY = "1,2";
				TEST_HOST = "$(BUILT_PRODUCTS_DIR)/RatesScheduleClient.app/RatesScheduleClient";
			};
			name = Debug;
		};
		92C9745720C13C0A00200FCD /* Release */ = {
			isa = XCBuildConfiguration;
			buildSettings = {
				ALWAYS_EMBED_SWIFT_STANDARD_LIBRARIES = YES;
				BUNDLE_LOADER = "$(TEST_HOST)";
				CODE_SIGN_STYLE = Automatic;
				INFOPLIST_FILE = RatesScheduleClientTests/Info.plist;
				LD_RUNPATH_SEARCH_PATHS = (
					"$(inherited)",
					"@executable_path/Frameworks",
					"@loader_path/Frameworks",
				);
				PRODUCT_BUNDLE_IDENTIFIER = com.wufire.RatesScheduleClientTests;
				PRODUCT_NAME = "$(TARGET_NAME)";
				SWIFT_VERSION = 4.0;
				TARGETED_DEVICE_FAMILY = "1,2";
				TEST_HOST = "$(BUILT_PRODUCTS_DIR)/RatesScheduleClient.app/RatesScheduleClient";
			};
			name = Release;
		};
		92C9745920C13C0A00200FCD /* Debug */ = {
			isa = XCBuildConfiguration;
			buildSettings = {
				ALWAYS_EMBED_SWIFT_STANDARD_LIBRARIES = YES;
				CODE_SIGN_STYLE = Automatic;
				INFOPLIST_FILE = RatesScheduleClientUITests/Info.plist;
				LD_RUNPATH_SEARCH_PATHS = (
					"$(inherited)",
					"@executable_path/Frameworks",
					"@loader_path/Frameworks",
				);
				PRODUCT_BUNDLE_IDENTIFIER = com.wufire.RatesScheduleClientUITests;
				PRODUCT_NAME = "$(TARGET_NAME)";
				SWIFT_VERSION = 4.0;
				TARGETED_DEVICE_FAMILY = "1,2";
				TEST_TARGET_NAME = RatesScheduleClient;
			};
			name = Debug;
		};
		92C9745A20C13C0A00200FCD /* Release */ = {
			isa = XCBuildConfiguration;
			buildSettings = {
				ALWAYS_EMBED_SWIFT_STANDARD_LIBRARIES = YES;
				CODE_SIGN_STYLE = Automatic;
				INFOPLIST_FILE = RatesScheduleClientUITests/Info.plist;
				LD_RUNPATH_SEARCH_PATHS = (
					"$(inherited)",
					"@executable_path/Frameworks",
					"@loader_path/Frameworks",
				);
				PRODUCT_BUNDLE_IDENTIFIER = com.wufire.RatesScheduleClientUITests;
				PRODUCT_NAME = "$(TARGET_NAME)";
				SWIFT_VERSION = 4.0;
				TARGETED_DEVICE_FAMILY = "1,2";
				TEST_TARGET_NAME = RatesScheduleClient;
			};
			name = Release;
		};
/* End XCBuildConfiguration section */

/* Begin XCConfigurationList section */
		92C9742520C13C0900200FCD /* Build configuration list for PBXProject "RatesScheduleClient" */ = {
			isa = XCConfigurationList;
			buildConfigurations = (
				92C9745020C13C0A00200FCD /* Debug */,
				92C9745120C13C0A00200FCD /* Release */,
			);
			defaultConfigurationIsVisible = 0;
			defaultConfigurationName = Release;
		};
		92C9745220C13C0A00200FCD /* Build configuration list for PBXNativeTarget "RatesScheduleClient" */ = {
			isa = XCConfigurationList;
			buildConfigurations = (
				92C9745320C13C0A00200FCD /* Debug */,
				92C9745420C13C0A00200FCD /* Release */,
			);
			defaultConfigurationIsVisible = 0;
			defaultConfigurationName = Release;
		};
		92C9745520C13C0A00200FCD /* Build configuration list for PBXNativeTarget "RatesScheduleClientTests" */ = {
			isa = XCConfigurationList;
			buildConfigurations = (
				92C9745620C13C0A00200FCD /* Debug */,
				92C9745720C13C0A00200FCD /* Release */,
			);
			defaultConfigurationIsVisible = 0;
			defaultConfigurationName = Release;
		};
		92C9745820C13C0A00200FCD /* Build configuration list for PBXNativeTarget "RatesScheduleClientUITests" */ = {
			isa = XCConfigurationList;
			buildConfigurations = (
				92C9745920C13C0A00200FCD /* Debug */,
				92C9745A20C13C0A00200FCD /* Release */,
			);
			defaultConfigurationIsVisible = 0;
			defaultConfigurationName = Release;
		};
/* End XCConfigurationList section */
	};
	rootObject = 92C9742220C13C0900200FCD /* Project object */;
}
